
Microsoft Visual Studio Solution File, Format Version 12.00
# Visual Studio 15
VisualStudioVersion = 15.0.26730.16
MinimumVisualStudioVersion = 10.0.40219.1
Project("{151D2E53-A2C4-4D7D-83FE-D05416EBD58E}") = "DCOSAzure", "DCOSAzure\DCOSAzure.deployproj", "{3B2C40FF-0E99-41B3-B57E-47A6D33B0314}"
EndProject
Global
	GlobalSection(SolutionConfigurationPlatforms) = preSolution
		Debug|Any CPU = Debug|Any CPU
		Release|Any CPU = Release|Any CPU
	EndGlobalSection
	GlobalSection(ProjectConfigurationPlatforms) = postSolution
		{3B2C40FF-0E99-41B3-B57E-47A6D33B0314}.Debug|Any CPU.ActiveCfg = Debug|Any CPU
		{3B2C40FF-0E99-41B3-B57E-47A6D33B0314}.Debug|Any CPU.Build.0 = Debug|Any CPU
		{3B2C40FF-0E99-41B3-B57E-47A6D33B0314}.Release|Any CPU.ActiveCfg = Release|Any CPU
		{3B2C40FF-0E99-41B3-B57E-47A6D33B0314}.Release|Any CPU.Build.0 = Release|Any CPU
	EndGlobalSection
	GlobalSection(SolutionProperties) = preSolution
		HideSolutionNode = FALSE
	EndGlobalSection
	GlobalSection(ExtensibilityGlobals) = postSolution
		SolutionGuid = {AEF27F2F-75E7-431D-A2EA-1685F58FB11F}
	EndGlobalSection
EndGlobal
